
Microsoft Visual Studio Solution File, Format Version 12.00
# Visual Studio 15
VisualStudioVersion = 15.0.28307.489
MinimumVisualStudioVersion = 10.0.40219.1
Project("{FAE04EC0-301F-11D3-BF4B-00C04F79EFBC}") = "choujiang-api", "choujiang-api\choujiang-api.csproj", "{F951147C-A367-4CF5-AF1B-2E6BC978A26D}"
EndProject
Global
	GlobalSection(SolutionConfigurationPlatforms) = preSolution
		Debug|Any CPU = Debug|Any CPU
		Release|Any CPU = Release|Any CPU
	EndGlobalSection
	GlobalSection(ProjectConfigurationPlatforms) = postSolution
		{F951147C-A367-4CF5-AF1B-2E6BC978A26D}.Debug|Any CPU.ActiveCfg = Debug|Any CPU
		{F951147C-A367-4CF5-AF1B-2E6BC978A26D}.Debug|Any CPU.Build.0 = Debug|Any CPU
		{F951147C-A367-4CF5-AF1B-2E6BC978A26D}.Release|Any CPU.ActiveCfg = Release|Any CPU
		{F951147C-A367-4CF5-AF1B-2E6BC978A26D}.Release|Any CPU.Build.0 = Release|Any CPU
	EndGlobalSection
	GlobalSection(SolutionProperties) = preSolution
		HideSolutionNode = FALSE
	EndGlobalSection
	GlobalSection(ExtensibilityGlobals) = postSolution
		SolutionGuid = {321BC7C0-37C7-4EB5-8CD6-6D746D5B61B8}
	EndGlobalSection
EndGlobal
